Microsoft Visual Studio Solution File, Format Version 12.00
# Visual Studio 15
VisualStudioVersion = 15.0.26124.0
MinimumVisualStudioVersion = 15.0.26124.0
Project("{9A19103F-16F7-4668-BE54-9A1E7A4F7556}") = "Testes", "Testes\Testes.csproj", "{0393FA4A-0326-4958-9199-2AE6449C323E}"
EndProject
Project("{9A19103F-16F7-4668-BE54-9A1E7A4F7556}") = "Dominio", "Dominio\Dominio.csproj", "{98B1FF8F-6A88-4D75-B4DB-B9E83F1E9557}"
EndProject
Project("{9A19103F-16F7-4668-BE54-9A1E7A4F7556}") = "Infra", "Infra\Infra.csproj", "{10D2D2B8-5C9E-483D-BAE4-25D68C5E8432}"
EndProject
Global
	GlobalSection(SolutionConfigurationPlatforms) = preSolution
		Debug|Any CPU = Debug|Any CPU
		Debug|x64 = Debug|x64
		Debug|x86 = Debug|x86
		Release|Any CPU = Release|Any CPU
		Release|x64 = Release|x64
		Release|x86 = Release|x86
	EndGlobalSection
	GlobalSection(ProjectConfigurationPlatforms) = postSolution
		{0393FA4A-0326-4958-9199-2AE6449C323E}.Debug|Any CPU.ActiveCfg = Debug|Any CPU
		{0393FA4A-0326-4958-9199-2AE6449C323E}.Debug|Any CPU.Build.0 = Debug|Any CPU
		{0393FA4A-0326-4958-9199-2AE6449C323E}.Debug|x64.ActiveCfg = Debug|Any CPU
		{0393FA4A-0326-4958-9199-2AE6449C323E}.Debug|x64.Build.0 = Debug|Any CPU
		{0393FA4A-0326-4958-9199-2AE6449C323E}.Debug|x86.ActiveCfg = Debug|Any CPU
		{0393FA4A-0326-4958-9199-2AE6449C323E}.Debug|x86.Build.0 = Debug|Any CPU
		{0393FA4A-0326-4958-9199-2AE6449C323E}.Release|Any CPU.ActiveCfg = Release|Any CPU
		{0393FA4A-0326-4958-9199-2AE6449C323E}.Release|Any CPU.Build.0 = Release|Any CPU
		{0393FA4A-0326-4958-9199-2AE6449C323E}.Release|x64.ActiveCfg = Release|Any CPU
		{0393FA4A-0326-4958-9199-2AE6449C323E}.Release|x64.Build.0 = Release|Any CPU
		{0393FA4A-0326-4958-9199-2AE6449C323E}.Release|x86.ActiveCfg = Release|Any CPU
		{0393FA4A-0326-4958-9199-2AE6449C323E}.Release|x86.Build.0 = Release|Any CPU
		{98B1FF8F-6A88-4D75-B4DB-B9E83F1E9557}.Debug|Any CPU.ActiveCfg = Debug|Any CPU
		{98B1FF8F-6A88-4D75-B4DB-B9E83F1E9557}.Debug|Any CPU.Build.0 = Debug|Any CPU
		{98B1FF8F-6A88-4D75-B4DB-B9E83F1E9557}.Debug|x64.ActiveCfg = Debug|Any CPU
		{98B1FF8F-6A88-4D75-B4DB-B9E83F1E9557}.Debug|x64.Build.0 = Debug|Any CPU
		{98B1FF8F-6A88-4D75-B4DB-B9E83F1E9557}.Debug|x86.ActiveCfg = Debug|Any CPU
		{98B1FF8F-6A88-4D75-B4DB-B9E83F1E9557}.Debug|x86.Build.0 = Debug|Any CPU
		{98B1FF8F-6A88-4D75-B4DB-B9E83F1E9557}.Release|Any CPU.ActiveCfg = Release|Any CPU
		{98B1FF8F-6A88-4D75-B4DB-B9E83F1E9557}.Release|Any CPU.Build.0 = Release|Any CPU
		{98B1FF8F-6A88-4D75-B4DB-B9E83F1E9557}.Release|x64.ActiveCfg = Release|Any CPU
		{98B1FF8F-6A88-4D75-B4DB-B9E83F1E9557}.Release|x64.Build.0 = Release|Any CPU
		{98B1FF8F-6A88-4D75-B4DB-B9E83F1E9557}.Release|x86.ActiveCfg = Release|Any CPU
		{98B1FF8F-6A88-4D75-B4DB-B9E83F1E9557}.Release|x86.Build.0 = Release|Any CPU
		{10D2D2B8-5C9E-483D-BAE4-25D68C5E8432}.Debug|Any CPU.ActiveCfg = Debug|Any CPU
		{10D2D2B8-5C9E-483D-BAE4-25D68C5E8432}.Debug|Any CPU.Build.0 = Debug|Any CPU
		{10D2D2B8-5C9E-483D-BAE4-25D68C5E8432}.Debug|x64.ActiveCfg = Debug|Any CPU
		{10D2D2B8-5C9E-483D-BAE4-25D68C5E8432}.Debug|x64.Build.0 = Debug|Any CPU
		{10D2D2B8-5C9E-483D-BAE4-25D68C5E8432}.Debug|x86.ActiveCfg = Debug|Any CPU
		{10D2D2B8-5C9E-483D-BAE4-25D68C5E8432}.Debug|x86.Build.0 = Debug|Any CPU
		{10D2D2B8-5C9E-483D-BAE4-25D68C5E8432}.Release|Any CPU.ActiveCfg = Release|Any CPU
		{10D2D2B8-5C9E-483D-BAE4-25D68C5E8432}.Release|Any CPU.Build.0 = Release|Any CPU
		{10D2D2B8-5C9E-483D-BAE4-25D68C5E8432}.Release|x64.ActiveCfg = Release|Any CPU
		{10D2D2B8-5C9E-483D-BAE4-25D68C5E8432}.Release|x64.Build.0 = Release|Any CPU
		{10D2D2B8-5C9E-483D-BAE4-25D68C5E8432}.Release|x86.ActiveCfg = Release|Any CPU
		{10D2D2B8-5C9E-483D-BAE4-25D68C5E8432}.Release|x86.Build.0 = Release|Any CPU
	EndGlobalSection
	GlobalSection(SolutionProperties) = preSolution
		HideSolutionNode = FALSE
	EndGlobalSection
	GlobalSection(ExtensibilityGlobals) = postSolution
		SolutionGuid = {AB778E25-4FB4-4BBF-B8B8-0BFB79558A81}
	EndGlobalSection
EndGlobal
